
Microsoft Visual Studio Solution File, Format Version 12.00
# Visual Studio Version 16
VisualStudioVersion = 16.0.32106.194
MinimumVisualStudioVersion = 10.0.40219.1
Project("{8BC9CEB8-8B4A-11D0-8D11-00A0C91BC942}") = "test_4_12", "test_4_12.vcxproj", "{EBBE7F0E-AD37-4B31-852B-2404B76DDA15}"
EndProject
Global
	GlobalSection(SolutionConfigurationPlatforms) = preSolution
		Debug|x64 = Debug|x64
		Debug|x86 = Debug|x86
		Release|x64 = Release|x64
		Release|x86 = Release|x86
	EndGlobalSection
	GlobalSection(ProjectConfigurationPlatforms) = postSolution
		{EBBE7F0E-AD37-4B31-852B-2404B76DDA15}.Debug|x64.ActiveCfg = Debug|x64
		{EBBE7F0E-AD37-4B31-852B-2404B76DDA15}.Debug|x64.Build.0 = Debug|x64
		{EBBE7F0E-AD37-4B31-852B-2404B76DDA15}.Debug|x86.ActiveCfg = Debug|Win32
		{EBBE7F0E-AD37-4B31-852B-2404B76DDA15}.Debug|x86.Build.0 = Debug|Win32
		{EBBE7F0E-AD37-4B31-852B-2404B76DDA15}.Release|x64.ActiveCfg = Release|x64
		{EBBE7F0E-AD37-4B31-852B-2404B76DDA15}.Release|x64.Build.0 = Release|x64
		{EBBE7F0E-AD37-4B31-852B-2404B76DDA15}.Release|x86.ActiveCfg = Release|Win32
		{EBBE7F0E-AD37-4B31-852B-2404B76DDA15}.Release|x86.Build.0 = Release|Win32
	EndGlobalSection
	GlobalSection(SolutionProperties) = preSolution
		HideSolutionNode = FALSE
	EndGlobalSection
	GlobalSection(ExtensibilityGlobals) = postSolution
		SolutionGuid = {1B29D9DB-0CD0-4E09-B718-A41264E18C48}
	EndGlobalSection
EndGlobal
